
Microsoft Visual Studio Solution File, Format Version 12.00
# Visual Studio Version 16
VisualStudioVersion = 16.0.28803.202
MinimumVisualStudioVersion = 10.0.40219.1
Project("{FAE04EC0-301F-11D3-BF4B-00C04F79EFBC}") = "Fms_Web_Api", "Fms_Web_Api\Fms_Web_Api.csproj", "{AA374DE1-E403-41F1-BDA5-F08AAF1DD128}"
EndProject
Global
	GlobalSection(SolutionConfigurationPlatforms) = preSolution
		Debug|Any CPU = Debug|Any CPU
		Release|Any CPU = Release|Any CPU
	EndGlobalSection
	GlobalSection(ProjectConfigurationPlatforms) = postSolution
		{AA374DE1-E403-41F1-BDA5-F08AAF1DD128}.Debug|Any CPU.ActiveCfg = Debug|Any CPU
		{AA374DE1-E403-41F1-BDA5-F08AAF1DD128}.Debug|Any CPU.Build.0 = Debug|Any CPU
		{AA374DE1-E403-41F1-BDA5-F08AAF1DD128}.Release|Any CPU.ActiveCfg = Release|Any CPU
		{AA374DE1-E403-41F1-BDA5-F08AAF1DD128}.Release|Any CPU.Build.0 = Release|Any CPU
	EndGlobalSection
	GlobalSection(SolutionProperties) = preSolution
		HideSolutionNode = FALSE
	EndGlobalSection
	GlobalSection(ExtensibilityGlobals) = postSolution
		SolutionGuid = {A7B1D77E-0DB1-407E-8879-9DFD31418C4D}
	EndGlobalSection
EndGlobal
